
Microsoft Visual Studio Solution File, Format Version 12.00
# Visual Studio Version 17
VisualStudioVersion = 17.8.34330.188
MinimumVisualStudioVersion = 10.0.40219.1
Project("{9A19103F-16F7-4668-BE54-9A1E7A4F7556}") = "MyCrudAPI", "..\MyCrudAPI\MyCrudAPI.csproj", "{83201494-4FBB-4BFD-BFD6-37DF04FAABEC}"
EndProject
Project("{9A19103F-16F7-4668-BE54-9A1E7A4F7556}") = "MyCrudAPP", "..\MyCrudAPP\MyCrudAPP.csproj", "{78FAEE88-A20D-4D6D-8358-79B78F56461C}"
EndProject
Global
	GlobalSection(SolutionConfigurationPlatforms) = preSolution
		Debug|Any CPU = Debug|Any CPU
		Release|Any CPU = Release|Any CPU
	EndGlobalSection
	GlobalSection(ProjectConfigurationPlatforms) = postSolution
		{83201494-4FBB-4BFD-BFD6-37DF04FAABEC}.Debug|Any CPU.ActiveCfg = Debug|Any CPU
		{83201494-4FBB-4BFD-BFD6-37DF04FAABEC}.Debug|Any CPU.Build.0 = Debug|Any CPU
		{83201494-4FBB-4BFD-BFD6-37DF04FAABEC}.Release|Any CPU.ActiveCfg = Release|Any CPU
		{83201494-4FBB-4BFD-BFD6-37DF04FAABEC}.Release|Any CPU.Build.0 = Release|Any CPU
		{78FAEE88-A20D-4D6D-8358-79B78F56461C}.Debug|Any CPU.ActiveCfg = Debug|Any CPU
		{78FAEE88-A20D-4D6D-8358-79B78F56461C}.Debug|Any CPU.Build.0 = Debug|Any CPU
		{78FAEE88-A20D-4D6D-8358-79B78F56461C}.Release|Any CPU.ActiveCfg = Release|Any CPU
		{78FAEE88-A20D-4D6D-8358-79B78F56461C}.Release|Any CPU.Build.0 = Release|Any CPU
	EndGlobalSection
	GlobalSection(SolutionProperties) = preSolution
		HideSolutionNode = FALSE
	EndGlobalSection
	GlobalSection(ExtensibilityGlobals) = postSolution
		SolutionGuid = {F1CF6308-C920-4A00-A9C0-418193BDB939}
	EndGlobalSection
EndGlobal
